
Microsoft Visual Studio Solution File, Format Version 12.00
# Visual Studio Version 16
VisualStudioVersion = 16.0.32602.291
MinimumVisualStudioVersion = 10.0.40219.1
Project("{8BC9CEB8-8B4A-11D0-8D11-00A0C91BC942}") = "Anti-Flash", "Anti-Flash\Anti-Flash.vcxproj", "{7AC536F4-FA1F-44C7-8C75-3F23999FAA9F}"
EndProject
Global
	GlobalSection(SolutionConfigurationPlatforms) = preSolution
		Debug|x64 = Debug|x64
		Debug|x86 = Debug|x86
		Release|x64 = Release|x64
		Release|x86 = Release|x86
	EndGlobalSection
	GlobalSection(ProjectConfigurationPlatforms) = postSolution
		{7AC536F4-FA1F-44C7-8C75-3F23999FAA9F}.Debug|x64.ActiveCfg = Debug|x64
		{7AC536F4-FA1F-44C7-8C75-3F23999FAA9F}.Debug|x64.Build.0 = Debug|x64
		{7AC536F4-FA1F-44C7-8C75-3F23999FAA9F}.Debug|x86.ActiveCfg = Debug|Win32
		{7AC536F4-FA1F-44C7-8C75-3F23999FAA9F}.Debug|x86.Build.0 = Debug|Win32
		{7AC536F4-FA1F-44C7-8C75-3F23999FAA9F}.Release|x64.ActiveCfg = Release|x64
		{7AC536F4-FA1F-44C7-8C75-3F23999FAA9F}.Release|x64.Build.0 = Release|x64
		{7AC536F4-FA1F-44C7-8C75-3F23999FAA9F}.Release|x86.ActiveCfg = Release|Win32
		{7AC536F4-FA1F-44C7-8C75-3F23999FAA9F}.Release|x86.Build.0 = Release|Win32
	EndGlobalSection
	GlobalSection(SolutionProperties) = preSolution
		HideSolutionNode = FALSE
	EndGlobalSection
	GlobalSection(ExtensibilityGlobals) = postSolution
		SolutionGuid = {5C4A0DDB-4943-4E3C-BAF8-B2400207686D}
	EndGlobalSection
EndGlobal
